// !$*UTF8*$!
{
	archiveVersion = 1;
	classes = {
	};
	objectVersion = 46;
	objects = {

/* Begin PBXBuildFile section */
		000D39C71A7BB0BD00D05375 /* main.m in Sources */ = {isa = PBXBuildFile; fileRef = 000D39C61A7BB0BD00D05375 /* main.m */; };
		000D39CA1A7BB0BD00D05375 /* AppDelegate.m in Sources */ = {isa = PBXBuildFile; fileRef = 000D39C91A7BB0BD00D05375 /* AppDelegate.m */; };
		000D39CC1A7BB0BD00D05375 /* Images.xcassets in Resources */ = {isa = PBXBuildFile; fileRef = 000D39CB1A7BB0BD00D05375 /* Images.xcassets */; };
		000D39CF1A7BB0BD00D05375 /* LaunchScreen.xib in Resources */ = {isa = PBXBuildFile; fileRef = 000D39CD1A7BB0BD00D05375 /* LaunchScreen.xib */; };
		000D39DB1A7BB0BE00D05375 /* MisCursosConXibsTests.m in Sources */ = {isa = PBXBuildFile; fileRef = 000D39DA1A7BB0BE00D05375 /* MisCursosConXibsTests.m */; };
/* End PBXBuildFile section */

/* Begin PBXContainerItemProxy section */
		000D39D51A7BB0BE00D05375 /* PBXContainerItemProxy */ = {
			isa = PBXContainerItemProxy;
			containerPortal = 000D39B91A7BB0BD00D05375 /* Project object */;
			proxyType = 1;
			remoteGlobalIDString = 000D39C01A7BB0BD00D05375;
			remoteInfo = MisCursosConXibs;
		};
/* End PBXContainerItemProxy section */

/* Begin PBXFileReference section */
		000D39C11A7BB0BD00D05375 /* MisCursosConXibs.app */ = {isa = PBXFileReference; explicitFileType = wrapper.application; includeInIndex = 0; path = MisCursosConXibs.app; sourceTree = BUILT_PRODUCTS_DIR; };
		000D39C51A7BB0BD00D05375 /* Info.plist */ = {isa = PBXFileReference; lastKnownFileType = text.plist.xml; path = Info.plist; sourceTree = "<group>"; };
		000D39C61A7BB0BD00D05375 /* main.m */ = {isa = PBXFileReference; lastKnownFileType = sourcecode.c.objc; path = main.m; sourceTree = "<group>"; };
		000D39C81A7BB0BD00D05375 /* AppDelegate.h */ = {isa = PBXFileReference; lastKnownFileType = sourcecode.c.h; path = AppDelegate.h; sourceTree = "<group>"; };
		000D39C91A7BB0BD00D05375 /* AppDelegate.m */ = {isa = PBXFileReference; lastKnownFileType = sourcecode.c.objc; path = AppDelegate.m; sourceTree = "<group>"; };
		000D39CB1A7BB0BD00D05375 /* Images.xcassets */ = {isa = PBXFileReference; lastKnownFileType = folder.assetcatalog; path = Images.xcassets; sourceTree = "<group>"; };
		000D39CE1A7BB0BD00D05375 /* Base */ = {isa = PBXFileReference; lastKnownFileType = file.xib; name = Base; path = Base.lproj/LaunchScreen.xib; sourceTree = "<group>"; };
		000D39D41A7BB0BE00D05375 /* MisCursosConXibsTests.xctest */ = {isa = PBXFileReference; explicitFileType = wrapper.cfbundle; includeInIndex = 0; path = MisCursosConXibsTests.xctest; sourceTree = BUILT_PRODUCTS_DIR; };
		000D39D91A7BB0BE00D05375 /* Info.plist */ = {isa = PBXFileReference; lastKnownFileType = text.plist.xml; path = Info.plist; sourceTree = "<group>"; };
		000D39DA1A7BB0BE00D05375 /* MisCursosConXibsTests.m */ = {isa = PBXFileReference; lastKnownFileType = sourcecode.c.objc; path = MisCursosConXibsTests.m; sourceTree = "<group>"; };
/* End PBXFileReference section */

/* Begin PBXFrameworksBuildPhase section */
		000D39BE1A7BB0BD00D05375 /* Frameworks */ = {
			isa = PBXFrameworksBuildPhase;
			buildActionMask = 2147483647;
			files = (
			);
			runOnlyForDeploymentPostprocessing = 0;
		};
		000D39D11A7BB0BE00D05375 /* Frameworks */ = {
			isa = PBXFrameworksBuildPhase;
			buildActionMask = 2147483647;
			files = (
			);
			runOnlyForDeploymentPostprocessing = 0;
		};
/* End PBXFrameworksBuildPhase section */

/* Begin PBXGroup section */
		000D39B81A7BB0BC00D05375 = {
			isa = PBXGroup;
			children = (
				000D39C31A7BB0BD00D05375 /* MisCursosConXibs */,
				000D39D71A7BB0BE00D05375 /* MisCursosConXibsTests */,
				000D39C21A7BB0BD00D05375 /* Products */,
			);
			sourceTree = "<group>";
		};
		000D39C21A7BB0BD00D05375 /* Products */ = {
			isa = PBXGroup;
			children = (
				000D39C11A7BB0BD00D05375 /* MisCursosConXibs.app */,
				000D39D41A7BB0BE00D05375 /* MisCursosConXibsTests.xctest */,
			);
			name = Products;
			sourceTree = "<group>";
		};
		000D39C31A7BB0BD00D05375 /* MisCursosConXibs */ = {
			isa = PBXGroup;
			children = (
				000D39C81A7BB0BD00D05375 /* AppDelegate.h */,
				000D39C91A7BB0BD00D05375 /* AppDelegate.m */,
				000D39CB1A7BB0BD00D05375 /* Images.xcassets */,
				000D39CD1A7BB0BD00D05375 /* LaunchScreen.xib */,
				000D39C41A7BB0BD00D05375 /* Supporting Files */,
			);
			path = MisCursosConXibs;
			sourceTree = "<group>";
		};
		000D39C41A7BB0BD00D05375 /* Supporting Files */ = {
			isa = PBXGroup;
			children = (
				000D39C51A7BB0BD00D05375 /* Info.plist */,
				000D39C61A7BB0BD00D05375 /* main.m */,
			);
			name = "Supporting Files";
			sourceTree = "<group>";
		};
		000D39D71A7BB0BE00D05375 /* MisCursosConXibsTests */ = {
			isa = PBXGroup;
			children = (
				000D39DA1A7BB0BE00D05375 /* MisCursosConXibsTests.m */,
				000D39D81A7BB0BE00D05375 /* Supporting Files */,
			);
			path = MisCursosConXibsTests;
			sourceTree = "<group>";
		};
		000D39D81A7BB0BE00D05375 /* Supporting Files */ = {
			isa = PBXGroup;
			children = (
				000D39D91A7BB0BE00D05375 /* Info.plist */,
			);
			name = "Supporting Files";
			sourceTree = "<group>";
		};
/* End PBXGroup section */

/* Begin PBXNativeTarget section */
		000D39C01A7BB0BD00D05375 /* MisCursosConXibs */ = {
			isa = PBXNativeTarget;
			buildConfigurationList = 000D39DE1A7BB0BE00D05375 /* Build configuration list for PBXNativeTarget "MisCursosConXibs" */;
			buildPhases = (
				000D39BD1A7BB0BD00D05375 /* Sources */,
				000D39BE1A7BB0BD00D05375 /* Frameworks */,
				000D39BF1A7BB0BD00D05375 /* Resources */,
			);
			buildRules = (
			);
			dependencies = (
			);
			name = MisCursosConXibs;
			productName = MisCursosConXibs;
			productReference = 000D39C11A7BB0BD00D05375 /* MisCursosConXibs.app */;
			productType = "com.apple.product-type.application";
		};
		000D39D31A7BB0BE00D05375 /* MisCursosConXibsTests */ = {
			isa = PBXNativeTarget;
			buildConfigurationList = 000D39E11A7BB0BE00D05375 /* Build configuration list for PBXNativeTarget "MisCursosConXibsTests" */;
			buildPhases = (
				000D39D01A7BB0BE00D05375 /* Sources */,
				000D39D11A7BB0BE00D05375 /* Frameworks */,
				000D39D21A7BB0BE00D05375 /* Resources */,
			);
			buildRules = (
			);
			dependencies = (
				000D39D61A7BB0BE00D05375 /* PBXTargetDependency */,
			);
			name = MisCursosConXibsTests;
			productName = MisCursosConXibsTests;
			productReference = 000D39D41A7BB0BE00D05375 /* MisCursosConXibsTests.xctest */;
			productType = "com.apple.product-type.bundle.unit-test";
		};
/* End PBXNativeTarget section */

/* Begin PBXProject section */
		000D39B91A7BB0BD00D05375 /* Project object */ = {
			isa = PBXProject;
			attributes = {
				LastUpgradeCheck = 0610;
				ORGANIZATIONNAME = lip;
				TargetAttributes = {
					000D39C01A7BB0BD00D05375 = {
						CreatedOnToolsVersion = 6.1.1;
					};
					000D39D31A7BB0BE00D05375 = {
						CreatedOnToolsVersion = 6.1.1;
						TestTargetID = 000D39C01A7BB0BD00D05375;
					};
				};
			};
			buildConfigurationList = 000D39BC1A7BB0BD00D05375 /* Build configuration list for PBXProject "MisCursosConXibs" */;
			compatibilityVersion = "Xcode 3.2";
			developmentRegion = English;
			hasScannedForEncodings = 0;
			knownRegions = (
				en,
				Base,
			);
			mainGroup = 000D39B81A7BB0BC00D05375;
			productRefGroup = 000D39C21A7BB0BD00D05375 /* Products */;
			projectDirPath = "";
			projectRoot = "";
			targets = (
				000D39C01A7BB0BD00D05375 /* MisCursosConXibs */,
				000D39D31A7BB0BE00D05375 /* MisCursosConXibsTests */,
			);
		};
/* End PBXProject section */

/* Begin PBXResourcesBuildPhase section */
		000D39BF1A7BB0BD00D05375 /* Resources */ = {
			isa = PBXResourcesBuildPhase;
			buildActionMask = 2147483647;
			files = (
				000D39CF1A7BB0BD00D05375 /* LaunchScreen.xib in Resources */,
				000D39CC1A7BB0BD00D05375 /* Images.xcassets in Resources */,
			);
			runOnlyForDeploymentPostprocessing = 0;
		};
		000D39D21A7BB0BE00D05375 /* Resources */ = {
			isa = PBXResourcesBuildPhase;
			buildActionMask = 2147483647;
			files = (
			);
			runOnlyForDeploymentPostprocessing = 0;
		};
/* End PBXResourcesBuildPhase section */

/* Begin PBXSourcesBuildPhase section */
		000D39BD1A7BB0BD00D05375 /* Sources */ = {
			isa = PBXSourcesBuildPhase;
			buildActionMask = 2147483647;
			files = (
				000D39CA1A7BB0BD00D05375 /* AppDelegate.m in Sources */,
				000D39C71A7BB0BD00D05375 /* main.m in Sources */,
			);
			runOnlyForDeploymentPostprocessing = 0;
		};
		000D39D01A7BB0BE00D05375 /* Sources */ = {
			isa = PBXSourcesBuildPhase;
			buildActionMask = 2147483647;
			files = (
				000D39DB1A7BB0BE00D05375 /* MisCursosConXibsTests.m in Sources */,
			);
			runOnlyForDeploymentPostprocessing = 0;
		};
/* End PBXSourcesBuildPhase section */

/* Begin PBXTargetDependency section */
		000D39D61A7BB0BE00D05375 /* PBXTargetDependency */ = {
			isa = PBXTargetDependency;
			target = 000D39C01A7BB0BD00D05375 /* MisCursosConXibs */;
			targetProxy = 000D39D51A7BB0BE00D05375 /* PBXContainerItemProxy */;
		};
/* End PBXTargetDependency section */

/* Begin PBXVariantGroup section */
		000D39CD1A7BB0BD00D05375 /* LaunchScreen.xib */ = {
			isa = PBXVariantGroup;
			children = (
				000D39CE1A7BB0BD00D05375 /* Base */,
			);
			name = LaunchScreen.xib;
			sourceTree = "<group>";
		};
/* End PBXVariantGroup section */

/* Begin XCBuildConfiguration section */
		000D39DC1A7BB0BE00D05375 /* Debug */ = {
			isa = XCBuildConfiguration;
			buildSettings = {
				ALWAYS_SEARCH_USER_PATHS = NO;
				CLANG_CXX_LANGUAGE_STANDARD = "gnu++0x";
				CLANG_CXX_LIBRARY = "libc++";
				CLANG_ENABLE_MODULES = YES;
				CLANG_ENABLE_OBJC_ARC = YES;
				CLANG_WARN_BOOL_CONVERSION = YES;
				CLANG_WARN_CONSTANT_CONVERSION = YES;
				CLANG_WARN_DIRECT_OBJC_ISA_USAGE = YES_ERROR;
				CLANG_WARN_EMPTY_BODY = YES;
				CLANG_WARN_ENUM_CONVERSION = YES;
				CLANG_WARN_INT_CONVERSION = YES;
				CLANG_WARN_OBJC_ROOT_CLASS = YES_ERROR;
				CLANG_WARN_UNREACHABLE_CODE = YES;
				CLANG_WARN__DUPLICATE_METHOD_MATCH = YES;
				"CODE_SIGN_IDENTITY[sdk=iphoneos*]" = "iPhone Developer";
				COPY_PHASE_STRIP = NO;
				ENABLE_STRICT_OBJC_MSGSEND = YES;
				GCC_C_LANGUAGE_STANDARD = gnu99;
				GCC_DYNAMIC_NO_PIC = NO;
				GCC_OPTIMIZATION_LEVEL = 0;
				GCC_PREPROCESSOR_DEFINITIONS = (
					"DEBUG=1",
					"$(inherited)",
				);
				GCC_SYMBOLS_PRIVATE_EXTERN = NO;
				GCC_WARN_64_TO_32_BIT_CONVERSION = YES;
				GCC_WARN_ABOUT_RETURN_TYPE = YES_ERROR;
				GCC_WARN_UNDECLARED_SELECTOR = YES;
				GCC_WARN_UNINITIALIZED_AUTOS = YES_AGGRESSIVE;
				GCC_WARN_UNUSED_FUNCTION = YES;
				GCC_WARN_UNUSED_VARIABLE = YES;
				IPHONEOS_DEPLOYMENT_TARGET = 8.1;
				MTL_ENABLE_DEBUG_INFO = YES;
				ONLY_ACTIVE_ARCH = YES;
				SDKROOT = iphoneos;
			};
			name = Debug;
		};
		000D39DD1A7BB0BE00D05375 /* Release */ = {
			isa = XCBuildConfiguration;
			buildSettings = {
				ALWAYS_SEARCH_USER_PATHS = NO;
				CLANG_CXX_LANGUAGE_STANDARD = "gnu++0x";
				CLANG_CXX_LIBRARY = "libc++";
				CLANG_ENABLE_MODULES = YES;
				CLANG_ENABLE_OBJC_ARC = YES;
				CLANG_WARN_BOOL_CONVERSION = YES;
				CLANG_WARN_CONSTANT_CONVERSION = YES;
				CLANG_WARN_DIRECT_OBJC_ISA_USAGE = YES_ERROR;
				CLANG_WARN_EMPTY_BODY = YES;
				CLANG_WARN_ENUM_CONVERSION = YES;
				CLANG_WARN_INT_CONVERSION = YES;
				CLANG_WARN_OBJC_ROOT_CLASS = YES_ERROR;
				CLANG_WARN_UNREACHABLE_CODE = YES;
				CLANG_WARN__DUPLICATE_METHOD_MATCH = YES;
				"CODE_SIGN_IDENTITY[sdk=iphoneos*]" = "iPhone Developer";
				COPY_PHASE_STRIP = YES;
				ENABLE_NS_ASSERTIONS = NO;
				ENABLE_STRICT_OBJC_MSGSEND = YES;
				GCC_C_LANGUAGE_STANDARD = gnu99;
				GCC_WARN_64_TO_32_BIT_CONVERSION = YES;
				GCC_WARN_ABOUT_RETURN_TYPE = YES_ERROR;
				GCC_WARN_UNDECLARED_SELECTOR = YES;
				GCC_WARN_UNINITIALIZED_AUTOS = YES_AGGRESSIVE;
				GCC_WARN_UNUSED_FUNCTION = YES;
				GCC_WARN_UNUSED_VARIABLE = YES;
				IPHONEOS_DEPLOYMENT_TARGET = 8.1;
				MTL_ENABLE_DEBUG_INFO = NO;
				SDKROOT = iphoneos;
				VALIDATE_PRODUCT = YES;
			};
			name = Release;
		};
		000D39DF1A7BB0BE00D05375 /* Debug */ = {
			isa = XCBuildConfiguration;
			buildSettings = {
				ASSETCATALOG_COMPILER_APPICON_NAME = AppIcon;
				INFOPLIST_FILE = MisCursosConXibs/Info.plist;
				LD_RUNPATH_SEARCH_PATHS = "$(inherited) @executable_path/Frameworks";
				PRODUCT_NAME = "$(TARGET_NAME)";
			};
			name = Debug;
		};
		000D39E01A7BB0BE00D05375 /* Release */ = {
			isa = XCBuildConfiguration;
			buildSettings = {
				ASSETCATALOG_COMPILER_APPICON_NAME = AppIcon;
				INFOPLIST_FILE = MisCursosConXibs/Info.plist;
				LD_RUNPATH_SEARCH_PATHS = "$(inherited) @executable_path/Frameworks";
				PRODUCT_NAME = "$(TARGET_NAME)";
			};
			name = Release;
		};
		000D39E21A7BB0BE00D05375 /* Debug */ = {
			isa = XCBuildConfiguration;
			buildSettings = {
				BUNDLE_LOADER = "$(TEST_HOST)";
				FRAMEWORK_SEARCH_PATHS = (
					"$(SDKROOT)/Developer/Library/Frameworks",
					"$(inherited)",
				);
				GCC_PREPROCESSOR_DEFINITIONS = (
					"DEBUG=1",
					"$(inherited)",
				);
				INFOPLIST_FILE = MisCursosConXibsTests/Info.plist;
				LD_RUNPATH_SEARCH_PATHS = "$(inherited) @executable_path/Frameworks @loader_path/Frameworks";
				PRODUCT_NAME = "$(TARGET_NAME)";
				TEST_HOST = "$(BUILT_PRODUCTS_DIR)/MisCursosConXibs.app/MisCursosConXibs";
			};
			name = Debug;
		};
		000D39E31A7BB0BE00D05375 /* Release */ = {
			isa = XCBuildConfiguration;
			buildSettings = {
				BUNDLE_LOADER = "$(TEST_HOST)";
				FRAMEWORK_SEARCH_PATHS = (
					"$(SDKROOT)/Developer/Library/Frameworks",
					"$(inherited)",
				);
				INFOPLIST_FILE = MisCursosConXibsTests/Info.plist;
				LD_RUNPATH_SEARCH_PATHS = "$(inherited) @executable_path/Frameworks @loader_path/Frameworks";
				PRODUCT_NAME = "$(TARGET_NAME)";
				TEST_HOST = "$(BUILT_PRODUCTS_DIR)/MisCursosConXibs.app/MisCursosConXibs";
			};
			name = Release;
		};
/* End XCBuildConfiguration section */

/* Begin XCConfigurationList section */
		000D39BC1A7BB0BD00D05375 /* Build configuration list for PBXProject "MisCursosConXibs" */ = {
			isa = XCConfigurationList;
			buildConfigurations = (
				000D39DC1A7BB0BE00D05375 /* Debug */,
				000D39DD1A7BB0BE00D05375 /* Release */,
			);
			defaultConfigurationIsVisible = 0;
			defaultConfigurationName = Release;
		};
		000D39DE1A7BB0BE00D05375 /* Build configuration list for PBXNativeTarget "MisCursosConXibs" */ = {
			isa = XCConfigurationList;
			buildConfigurations = (
				000D39DF1A7BB0BE00D05375 /* Debug */,
				000D39E01A7BB0BE00D05375 /* Release */,
			);
			defaultConfigurationIsVisible = 0;
		};
		000D39E11A7BB0BE00D05375 /* Build configuration list for PBXNativeTarget "MisCursosConXibsTests" */ = {
			isa = XCConfigurationList;
			buildConfigurations = (
				000D39E21A7BB0BE00D05375 /* Debug */,
				000D39E31A7BB0BE00D05375 /* Release */,
			);
			defaultConfigurationIsVisible = 0;
		};
/* End XCConfigurationList section */
	};
	rootObject = 000D39B91A7BB0BD00D05375 /* Project object */;
}
